PODS:
  - DriveKitChallenge (1.18.0):
    - DriveKitDBChallengeAccess (= 1.18.0)
    - DriveKitDBTripAccess (= 1.18.0)
  - DriveKitCore (1.18.0):
    - DriveKitNetworking (= 1.18.0)
  - DriveKitDBAchievementAccess (1.18.0):
    - DriveKitCore (= 1.18.0)
  - DriveKitDBChallengeAccess (1.18.0):
    - DriveKitCore (= 1.18.0)
  - DriveKitDBTripAccess (1.18.0):
    - DriveKitCore (= 1.18.0)
  - DriveKitDBVehicleAccess (1.18.0):
    - DriveKitCore (= 1.18.0)
  - DriveKitDriverAchievement (1.18.0):
    - DriveKitDBAchievementAccess (= 1.18.0)
  - DriveKitDriverData (1.18.0):
    - DriveKitDBTripAccess (= 1.18.0)
  - DriveKitNetworking (1.18.0)
  - DriveKitTripAnalysis (1.18.0):
    - DriveKitCore (= 1.18.0)
    - DriveKitDBTripAccess (= 1.18.0)
    - DriveKitDBVehicleAccess (= 1.18.0)
  - DriveKitVehicle (1.18.0):
    - DriveKitDBVehicleAccess (= 1.18.0)
  - UICircularProgressRing (6.5.0)

DEPENDENCIES:
  - DriveKitChallenge (= 1.18.0)
  - DriveKitCore (= 1.18.0)
  - DriveKitDriverAchievement (= 1.18.0)
  - DriveKitDriverData (= 1.18.0)
  - DriveKitTripAnalysis (= 1.18.0)
  - DriveKitVehicle (= 1.18.0)
  - UICircularProgressRing (= 6.5.0)

SPEC REPOS:
  https://github.com/CocoaPods/Specs.git:
    - DriveKitChallenge
    - DriveKitCore
    - DriveKitDBAchievementAccess
    - DriveKitDBChallengeAccess
    - DriveKitDBTripAccess
    - DriveKitDBVehicleAccess
    - DriveKitDriverAchievement
    - DriveKitDriverData
    - DriveKitNetworking
    - DriveKitTripAnalysis
    - DriveKitVehicle
    - UICircularProgressRing

SPEC CHECKSUMS:
  DriveKitChallenge: ec3b789e49d3f8f6a833c0b406d16d49af81c1c9
  DriveKitCore: 02bb5edfce92cc6e4c89f8ad0899fa19cd2aadc6
  DriveKitDBAchievementAccess: 60f7583e90f58ab19f9ab092afd12fd0110a3bb6
  DriveKitDBChallengeAccess: 33427b5c51657e48bd8c730aab70cd9f2d21c5f3
  DriveKitDBTripAccess: e1ae470386cb48dd4ab8e08d0691e3c2bdda1256
  DriveKitDBVehicleAccess: eb58c0d960656986346bbe79cf896937d56afd09
  DriveKitDriverAchievement: ddf27804094b9a7358ee942eb44e58e1f492da11
  DriveKitDriverData: 6658e97f78d4601b29f8323aaf07991a2e90aa89
  DriveKitNetworking: 157ffb54fd4dadfd6394500c7849ee3ec5e2d243
  DriveKitTripAnalysis: d5e915875adb0e3c71f78787f513ddfd84b27541
  DriveKitVehicle: 8e32530c4f64dbf43cae93c5d2da0fba1bf2865d
  UICircularProgressRing: e6852e8f88e296cbbbe2720cccb55241acda6708

PODFILE CHECKSUM: 7002182a639f8ebff232483dfc3462c1888bda4e

COCOAPODS: 1.11.2
