PODS:
  - DriveKitCore (1.5-beta1):
    - DriveKitNetworking (= 1.5-beta1)
  - DriveKitDBAchievementAccess (1.5-beta1):
    - DriveKitCore (= 1.5-beta1)
  - DriveKitDBTripAccess (1.5-beta1):
    - DriveKitCore (= 1.5-beta1)
  - DriveKitDBVehicleAccess (1.5-beta1):
    - DriveKitCore (= 1.5-beta1)
  - DriveKitDriverAchievement (1.5-beta1):
    - DriveKitDBAchievementAccess (= 1.5-beta1)
  - DriveKitDriverData (1.5-beta1):
    - DriveKitDBTripAccess (= 1.5-beta1)
  - DriveKitNetworking (1.5-beta1)
  - DriveKitTripAnalysis (1.5-beta1):
    - DriveKitCore (= 1.5-beta1)
    - DriveKitDBVehicleAccess (= 1.5-beta1)
  - DriveKitVehicle (1.5-beta1):
    - DriveKitDBVehicleAccess (= 1.5-beta1)
  - UICircularProgressRing (6.5.0)

DEPENDENCIES:
  - DriveKitCore (= 1.5-beta1)
  - DriveKitDriverAchievement (= 1.5-beta1)
  - DriveKitDriverData (= 1.5-beta1)
  - DriveKitTripAnalysis (= 1.5-beta1)
  - DriveKitVehicle (= 1.5-beta1)
  - UICircularProgressRing

SPEC REPOS:
  https://github.com/CocoaPods/Specs.git:
    - UICircularProgressRing
  https://gitlab.com/drivequant/drivekit/drivekit-specs.git:
    - DriveKitCore
    - DriveKitDBAchievementAccess
    - DriveKitDBTripAccess
    - DriveKitDBVehicleAccess
    - DriveKitDriverAchievement
    - DriveKitDriverData
    - DriveKitNetworking
    - DriveKitTripAnalysis
    - DriveKitVehicle

SPEC CHECKSUMS:
  DriveKitCore: 6d1bbdec3e267f920854a08253400ef228cbb1e9
  DriveKitDBAchievementAccess: 872fa6cf494021cd911493579f86380bc049b14d
  DriveKitDBTripAccess: 36b11d15209dfac2966ef11c823ceab0c78033f3
  DriveKitDBVehicleAccess: 32a11365cb35b1057ce4a564fd9707a88106ce14
  DriveKitDriverAchievement: 48969913cad7dc09208c181ea60981ef3f3694ff
  DriveKitDriverData: 85385515229f5b43879042d23c01495c2ed91620
  DriveKitNetworking: d69ddd03bec8181a491d7dff4ddf040601bd2c2c
  DriveKitTripAnalysis: 3013042c891bd556d84bf5d84dad461e49bb0810
  DriveKitVehicle: 5580ed646fcb2f76089dfcde91e562fd43ecda8b
  UICircularProgressRing: e6852e8f88e296cbbbe2720cccb55241acda6708

PODFILE CHECKSUM: 836327cc02fd4bcd6f4e53a99f60bfaf86cead1b

COCOAPODS: 1.9.1
